
Microsoft Visual Studio Solution File, Format Version 12.00
# Visual Studio Version 17
VisualStudioVersion = 17.0.31903.59
MinimumVisualStudioVersion = 10.0.40219.1
Project("{FAE04EC0-301F-11D3-BF4B-00C04F79EFBC}") = "TaskManagement.Api", "TaskManagement.Api\TaskManagement.Api.csproj", "{41AFF10D-C861-421D-8297-A8E861DC4F97}"
EndProject
Project("{FAE04EC0-301F-11D3-BF4B-00C04F79EFBC}") = "TaskManagement.Application", "TaskManagement.Application\TaskManagement.Application.csproj", "{55552399-9C94-4EE9-940F-A0BDFBC90B62}"
EndProject
Project("{FAE04EC0-301F-11D3-BF4B-00C04F79EFBC}") = "TaskManagement.Domain", "TaskManagement.Domain\TaskManagement.Domain.csproj", "{E550A749-A1C9-454E-B0C5-70584273C244}"
EndProject
Project("{FAE04EC0-301F-11D3-BF4B-00C04F79EFBC}") = "TaskManagement.Infrastructure", "TaskManagement.Infrastructure\TaskManagement.Infrastructure.csproj", "{9458B758-7FDD-40F9-B4F8-3AAC2AB45677}"
EndProject
Global
	GlobalSection(SolutionConfigurationPlatforms) = preSolution
		Debug|Any CPU = Debug|Any CPU
		Release|Any CPU = Release|Any CPU
	EndGlobalSection
	GlobalSection(SolutionProperties) = preSolution
		HideSolutionNode = FALSE
	EndGlobalSection
	GlobalSection(ProjectConfigurationPlatforms) = postSolution
		{41AFF10D-C861-421D-8297-A8E861DC4F97}.Debug|Any CPU.ActiveCfg = Debug|Any CPU
		{41AFF10D-C861-421D-8297-A8E861DC4F97}.Debug|Any CPU.Build.0 = Debug|Any CPU
		{41AFF10D-C861-421D-8297-A8E861DC4F97}.Release|Any CPU.ActiveCfg = Release|Any CPU
		{41AFF10D-C861-421D-8297-A8E861DC4F97}.Release|Any CPU.Build.0 = Release|Any CPU
		{55552399-9C94-4EE9-940F-A0BDFBC90B62}.Debug|Any CPU.ActiveCfg = Debug|Any CPU
		{55552399-9C94-4EE9-940F-A0BDFBC90B62}.Debug|Any CPU.Build.0 = Debug|Any CPU
		{55552399-9C94-4EE9-940F-A0BDFBC90B62}.Release|Any CPU.ActiveCfg = Release|Any CPU
		{55552399-9C94-4EE9-940F-A0BDFBC90B62}.Release|Any CPU.Build.0 = Release|Any CPU
		{E550A749-A1C9-454E-B0C5-70584273C244}.Debug|Any CPU.ActiveCfg = Debug|Any CPU
		{E550A749-A1C9-454E-B0C5-70584273C244}.Debug|Any CPU.Build.0 = Debug|Any CPU
		{E550A749-A1C9-454E-B0C5-70584273C244}.Release|Any CPU.ActiveCfg = Release|Any CPU
		{E550A749-A1C9-454E-B0C5-70584273C244}.Release|Any CPU.Build.0 = Release|Any CPU
		{9458B758-7FDD-40F9-B4F8-3AAC2AB45677}.Debug|Any CPU.ActiveCfg = Debug|Any CPU
		{9458B758-7FDD-40F9-B4F8-3AAC2AB45677}.Debug|Any CPU.Build.0 = Debug|Any CPU
		{9458B758-7FDD-40F9-B4F8-3AAC2AB45677}.Release|Any CPU.ActiveCfg = Release|Any CPU
		{9458B758-7FDD-40F9-B4F8-3AAC2AB45677}.Release|Any CPU.Build.0 = Release|Any CPU
	EndGlobalSection
EndGlobal
